#MicroXplorer Configuration settings - do not modify
File.Version=6
GPIO.groupedBy=Group By Peripherals
KeepUserPlacement=false
Mcu.CPN=STM32F030RCT6
Mcu.Family=STM32F0
Mcu.IP0=I2C1
Mcu.IP1=NVIC
Mcu.IP2=RCC
Mcu.IP3=SYS
Mcu.IPNb=4
Mcu.Name=STM32F030RCTx
Mcu.Package=LQFP64
Mcu.Pin0=PC13
Mcu.Pin1=PF0-OSC_IN
Mcu.Pin10=PC10
Mcu.Pin11=PC11
Mcu.Pin12=PB4
Mcu.Pin13=PB5
Mcu.Pin14=PB6
Mcu.Pin15=PB7
Mcu.Pin16=PB8
Mcu.Pin2=PF1-OSC_OUT
Mcu.Pin3=PC0
Mcu.Pin4=PC1
Mcu.Pin5=PC2
Mcu.Pin6=PC3
Mcu.Pin7=PA7
Mcu.Pin8=PA13
Mcu.Pin9=PA14
Mcu.PinsNb=17
Mcu.ThirdPartyNb=0
Mcu.UserConstants=
Mcu.UserName=STM32F030RCTx
MxCube.Version=6.6.1
MxDb.Version=DB.6.0.60
NVIC.EXTI0_1_IRQn=true\:0\:0\:false\:false\:true\:true\:true\:true
NVIC.EXTI2_3_IRQn=true\:0\:0\:false\:false\:true\:true\:true\:true
NVIC.EXTI4_15_IRQn=true\:0\:0\:false\:false\:true\:true\:true\:true
NVIC.ForceEnableDMAVector=true
NVIC.HardFault_IRQn=true\:0\:0\:false\:false\:true\:false\:false\:false
NVIC.NonMaskableInt_IRQn=true\:0\:0\:false\:false\:true\:false\:false\:false
NVIC.PendSV_IRQn=true\:0\:0\:false\:false\:true\:false\:false\:false
NVIC.SVC_IRQn=true\:0\:0\:false\:false\:true\:false\:false\:true
NVIC.SysTick_IRQn=true\:3\:0\:false\:false\:true\:false\:true\:false
PA13.Mode=Serial_Wire
PA13.Signal=SYS_SWDIO
PA14.Mode=Serial_Wire
PA14.Signal=SYS_SWCLK
PA7.GPIOParameters=GPIO_Label
PA7.GPIO_Label=PA7
PA7.Locked=true
PA7.Signal=GPIO_Output
PB4.GPIOParameters=GPIO_Label
PB4.GPIO_Label=BTN7_IN
PB4.Locked=true
PB4.Signal=GPXTI4
PB5.GPIOParameters=GPIO_Label
PB5.GPIO_Label=BTN8_IN
PB5.Locked=true
PB5.Signal=GPXTI5
PB6.GPIOParameters=GPIO_Label
PB6.GPIO_Label=BTN9_IN
PB6.Locked=true
PB6.Signal=GPXTI6
PB7.GPIOParameters=GPIO_Label
PB7.GPIO_Label=BTN10_IN
PB7.Locked=true
PB7.Signal=GPXTI7
PB8.GPIOParameters=GPIO_Label
PB8.GPIO_Label=BTN11_IN
PB8.Locked=true
PB8.Signal=GPXTI8
PC0.GPIOParameters=GPIO_Label
PC0.GPIO_Label=BTN1_IN
PC0.Locked=true
PC0.Signal=GPXTI0
PC1.GPIOParameters=GPIO_Label
PC1.GPIO_Label=BTN2_IN
PC1.Locked=true
PC1.Signal=GPXTI1
PC10.GPIOParameters=GPIO_Label
PC10.GPIO_Label=BTN5_IN
PC10.Locked=true
PC10.Signal=GPXTI10
PC11.GPIOParameters=GPIO_Label
PC11.GPIO_Label=BTN6_IN
PC11.Locked=true
PC11.Signal=GPXTI11
PC13.GPIOParameters=GPIO_Label
PC13.GPIO_Label=BTN12_IN
PC13.Locked=true
PC13.Signal=GPXTI13
PC2.GPIOParameters=GPIO_Label
PC2.GPIO_Label=BTN3_IN
PC2.Locked=true
PC2.Signal=GPXTI2
PC3.GPIOParameters=GPIO_Label
PC3.GPIO_Label=BTN4_IN
PC3.Locked=true
PC3.Signal=GPXTI3
PF0-OSC_IN.Mode=I2C
PF0-OSC_IN.Signal=I2C1_SDA
PF1-OSC_OUT.Mode=I2C
PF1-OSC_OUT.Signal=I2C1_SCL
PinOutPanel.RotationAngle=0
ProjectManager.AskForMigrate=true
ProjectManager.BackupPrevious=false
ProjectManager.CompilerOptimize=6
ProjectManager.ComputerToolchain=false
ProjectManager.CoupleFile=true
ProjectManager.CustomerFirmwarePackage=
ProjectManager.DefaultFWLocation=true
ProjectManager.DeletePrevious=true
ProjectManager.DeviceId=STM32F030RCTx
ProjectManager.FirmwarePackage=STM32Cube FW_F0 V1.11.4
ProjectManager.FreePins=false
ProjectManager.HalAssertFull=false
ProjectManager.HeapSize=0x200
ProjectManager.KeepUserCode=true
ProjectManager.LastFirmware=true
ProjectManager.LibraryCopy=1
ProjectManager.MainLocation=Core/Src
ProjectManager.NoMain=false
ProjectManager.PreviousToolchain=
ProjectManager.ProjectBuild=false
ProjectManager.ProjectFileName=doz_clock_brain.ioc
ProjectManager.ProjectName=doz_clock_brain
ProjectManager.RegisterCallBack=
ProjectManager.StackSize=0x400
ProjectManager.TargetToolchain=STM32CubeIDE
ProjectManager.ToolChainLocation=
ProjectManager.UnderRoot=true
ProjectManager.functionlistsort=1-SystemClock_Config-RCC-false-HAL-false,2-MX_GPIO_Init-GPIO-false-HAL-true
RCC.FamilyName=M
RCC.IPParameters=FamilyName,PLLCLKFreq_Value,PLLMCOFreq_Value,TimSysFreq_Value,VCOOutput2Freq_Value
RCC.PLLCLKFreq_Value=16000000
RCC.PLLMCOFreq_Value=16000000
RCC.TimSysFreq_Value=8000000
RCC.VCOOutput2Freq_Value=8000000
SH.GPXTI0.0=GPIO_EXTI0
SH.GPXTI0.ConfNb=1
SH.GPXTI1.0=GPIO_EXTI1
SH.GPXTI1.ConfNb=1
SH.GPXTI10.0=GPIO_EXTI10
SH.GPXTI10.ConfNb=1
SH.GPXTI11.0=GPIO_EXTI11
SH.GPXTI11.ConfNb=1
SH.GPXTI13.0=GPIO_EXTI13
SH.GPXTI13.ConfNb=1
SH.GPXTI2.0=GPIO_EXTI2
SH.GPXTI2.ConfNb=1
SH.GPXTI3.0=GPIO_EXTI3
SH.GPXTI3.ConfNb=1
SH.GPXTI4.0=GPIO_EXTI4
SH.GPXTI4.ConfNb=1
SH.GPXTI5.0=GPIO_EXTI5
SH.GPXTI5.ConfNb=1
SH.GPXTI6.0=GPIO_EXTI6
SH.GPXTI6.ConfNb=1
SH.GPXTI7.0=GPIO_EXTI7
SH.GPXTI7.ConfNb=1
SH.GPXTI8.0=GPIO_EXTI8
SH.GPXTI8.ConfNb=1
board=custom
isbadioc=false
